# This file is autogenerated, do not edit; changes may be undone by the next 'dep ensure'.


[[projects]]
  branch = "master"
  name = "github.com/mhale/smtpd"
  packages = ["."]
  revision = "48510273c28380652218fdcb7f18be7ba6947d42"

[solve-meta]
  analyzer-name = "dep"
  analyzer-version = 1
  inputs-digest = "fce0ac2ea21a9187d85e1785db4cf8d8c6290ec97f0b750e2201843e5eb858be"
  solver-name = "gps-cdcl"
  solver-version = 1
